{
  "name": "exo-02",
  "version": "1.0.0",
  "lockfileVersion": 2,
  "requires": true,
  "packages": {
    "": {
      "name": "exo-02",
      "version": "1.0.0",
      "license": "ISC",
      "dependencies": {
        "image-js": "^0.34.0"
      }
    },
    "node_modules/@babel/runtime": {
      "version": "7.17.9",
      "resolved": "https://registry.npmjs.org/@babel/runtime/-/runtime-7.17.9.tgz",
      "integrity": "sha512-lSiBBvodq29uShpWGNbgFdKYNiFDo5/HIYsaCEY9ff4sb10x9jizo2+pRrSyF4jKZCXqgzuqBOQKbUm90gQwJg==",
      "dependencies": {
        "regenerator-runtime": "^0.13.4"
      },
      "engines": {
        "node": ">=6.9.0"
      }
    },
    "node_modules/@swiftcarrot/color-fns": {
      "version": "3.2.0",
      "resolved": "https://registry.npmjs.org/@swiftcarrot/color-fns/-/color-fns-3.2.0.tgz",
      "integrity": "sha512-6SCpc4LwmGGqWHpBY9WaBzJwPF4nfgvFfejOX7Ub0kTehJysFkLUAvGID8zEx39n0pGlfr9pTiQE/7/buC7X5w==",
      "dependencies": {
        "@babel/runtime": "^7.10.3"
      }
    },
    "node_modules/@types/pako": {
      "version": "1.0.3",
      "resolved": "https://registry.npmjs.org/@types/pako/-/pako-1.0.3.tgz",
      "integrity": "sha512-EDxOsHAD5dqjbjEUM1xwa7rpKPFb8ECBE5irONTQU7/OsO3thI5YrNEWSPNMvYmvFM0l/OLQJ6Mgw7PEdXSjhg=="
    },
    "node_modules/blob-util": {
      "version": "2.0.2",
      "resolved": "https://registry.npmjs.org/blob-util/-/blob-util-2.0.2.tgz",
      "integrity": "sha512-T7JQa+zsXXEa6/8ZhHcQEW1UFfVM49Ts65uBkFL6fz2QmrElqmbajIDJvuA0tEhRe5eIjpV9ZF+0RfZR9voJFQ=="
    },
    "node_modules/canny-edge-detector": {
      "version": "1.0.0",
      "resolved": "https://registry.npmjs.org/canny-edge-detector/-/canny-edge-detector-1.0.0.tgz",
      "integrity": "sha512-SpewmkHDE1PbJ1/AVAcpvZKOufYpUXT0euMvhb5C4Q83Q9XEOmSXC+yR7jl3F4Ae1Ev6OtQKbFgdcPrOdHjzQg=="
    },
    "node_modules/fast-bmp": {
      "version": "1.0.0",
      "resolved": "https://registry.npmjs.org/fast-bmp/-/fast-bmp-1.0.0.tgz",
      "integrity": "sha1-felfQsKQSECQrixwqyVEBnOsyjc=",
      "dependencies": {
        "iobuffer": "^3.1.0"
      }
    },
    "node_modules/fast-jpeg": {
      "version": "1.0.1",
      "resolved": "https://registry.npmjs.org/fast-jpeg/-/fast-jpeg-1.0.1.tgz",
      "integrity": "sha1-vVRexs2CQwyl3tS9MLvQYfr+z4s=",
      "dependencies": {
        "iobuffer": "^2.1.0",
        "tiff": "^2.0.0"
      }
    },
    "node_modules/fast-jpeg/node_modules/iobuffer": {
      "version": "2.1.0",
      "resolved": "https://registry.npmjs.org/iobuffer/-/iobuffer-2.1.0.tgz",
      "integrity": "sha1-B0iC0kAgqF22pQQqBBjvm2suYWo="
    },
    "node_modules/fast-jpeg/node_modules/tiff": {
      "version": "2.1.0",
      "resolved": "https://registry.npmjs.org/tiff/-/tiff-2.1.0.tgz",
      "integrity": "sha1-s/QcUZvWaDUmfxTLMaBKyx94YMo=",
      "dependencies": {
        "iobuffer": "^2.1.0"
      }
    },
    "node_modules/fast-list": {
      "version": "1.0.3",
      "resolved": "https://registry.npmjs.org/fast-list/-/fast-list-1.0.3.tgz",
      "integrity": "sha1-9dV1Snwcv2gqFZYe+aBjiXVx6qE="
    },
    "node_modules/fast-png": {
      "version": "6.1.0",
      "resolved": "https://registry.npmjs.org/fast-png/-/fast-png-6.1.0.tgz",
      "integrity": "sha512-v8e/40RKZbE1mALigoqBOkYnemCVSMmVlGSz8fawZAZg5UQ9OZeR00L++CPvrhIGm2F6TxV5u9lbWD0oOJHcCw==",
      "dependencies": {
        "@types/pako": "^1.0.2",
        "iobuffer": "^5.0.4",
        "pako": "^2.0.4"
      }
    },
    "node_modules/fast-png/node_modules/iobuffer": {
      "version": "5.1.0",
      "resolved": "https://registry.npmjs.org/iobuffer/-/iobuffer-5.1.0.tgz",
      "integrity": "sha512-2BYQoYadP3FkVPfqGxs4WO6z3HWGZokJfIkgOARn4P4ipVQCHJnPyva7rJLVmnRA7XTk8ZoLwutuutGeMpu3PA=="
    },
    "node_modules/fft.js": {
      "version": "4.0.4",
      "resolved": "https://registry.npmjs.org/fft.js/-/fft.js-4.0.4.tgz",
      "integrity": "sha512-f9c00hphOgeQTlDyavwTtu6RiK8AIFjD6+jvXkNkpeQ7rirK3uFWVpalkoS4LAwbdX7mfZ8aoBfFVQX1Re/8aw=="
    },
    "node_modules/file-type": {
      "version": "10.11.0",
      "resolved": "https://registry.npmjs.org/file-type/-/file-type-10.11.0.tgz",
      "integrity": "sha512-uzk64HRpUZyTGZtVuvrjP0FYxzQrBf4rojot6J65YMEbwBLB0CWm0CLojVpwpmFmxcE/lkvYICgfcGozbBq6rw==",
      "engines": {
        "node": ">=6"
      }
    },
    "node_modules/has-own": {
      "version": "1.0.1",
      "resolved": "https://registry.npmjs.org/has-own/-/has-own-1.0.1.tgz",
      "integrity": "sha512-RDKhzgQTQfMaLvIFhjahU+2gGnRBK6dYOd5Gd9BzkmnBneOCRYjRC003RIMrdAbH52+l+CnMS4bBCXGer8tEhg=="
    },
    "node_modules/image-js": {
      "version": "0.34.0",
      "resolved": "https://registry.npmjs.org/image-js/-/image-js-0.34.0.tgz",
      "integrity": "sha512-REGH/VxTU9v96R2jg+84gQhazx8jqT46ieY12lzNzQEL5dMJvWDlIVTEvhmO5BmHG6kHMIb/5kL3LnJnnf8YDQ==",
      "dependencies": {
        "@swiftcarrot/color-fns": "^3.2.0",
        "blob-util": "^2.0.2",
        "canny-edge-detector": "^1.0.0",
        "fast-bmp": "^1.0.0",
        "fast-jpeg": "^1.0.1",
        "fast-list": "^1.0.3",
        "fast-png": "^6.1.0",
        "has-own": "^1.0.1",
        "image-type": "^4.1.0",
        "is-array-type": "^1.0.0",
        "is-integer": "^1.0.7",
        "jpeg-js": "^0.4.3",
        "js-priority-queue": "^0.1.5",
        "js-quantities": "^1.7.6",
        "median-quickselect": "^1.0.1",
        "ml-convolution": "0.2.0",
        "ml-disjoint-set": "^1.0.0",
        "ml-matrix": "^6.8.0",
        "ml-matrix-convolution": "0.4.3",
        "ml-regression": "^5.0.0",
        "monotone-chain-convex-hull": "^1.0.0",
        "new-array": "^1.0.0",
        "robust-point-in-polygon": "^1.0.3",
        "tiff": "^5.0.2",
        "web-worker-manager": "^0.2.0"
      },
      "engines": {
        "node": ">= 12.0.0"
      }
    },
    "node_modules/image-type": {
      "version": "4.1.0",
      "resolved": "https://registry.npmjs.org/image-type/-/image-type-4.1.0.tgz",
      "integrity": "sha512-CFJMJ8QK8lJvRlTCEgarL4ro6hfDQKif2HjSvYCdQZESaIPV4v9imrf7BQHK+sQeTeNeMpWciR9hyC/g8ybXEg==",
      "dependencies": {
        "file-type": "^10.10.0"
      },
      "engines": {
        "node": ">=6"
      }
    },
    "node_modules/iobuffer": {
      "version": "3.2.0",
      "resolved": "https://registry.npmjs.org/iobuffer/-/iobuffer-3.2.0.tgz",
      "integrity": "sha1-kjT00ssQQoGHBPB9H1yDP0EyfiY=",
      "dependencies": {
        "utf8": "^2.1.2"
      }
    },
    "node_modules/is-any-array": {
      "version": "2.0.0",
      "resolved": "https://registry.npmjs.org/is-any-array/-/is-any-array-2.0.0.tgz",
      "integrity": "sha512-WdPV58rT3aOWXvvyuBydnCq4S2BM1Yz8shKxlEpk/6x+GX202XRvXOycEFtNgnHVLoc46hpexPFx8Pz1/sMS0w=="
    },
    "node_modules/is-array-type": {
      "version": "1.0.0",
      "resolved": "https://registry.npmjs.org/is-array-type/-/is-array-type-1.0.0.tgz",
      "integrity": "sha1-C9iiY0MDGcj6Mvp68mAUD0ditQY="
    },
    "node_modules/is-finite": {
      "version": "1.1.0",
      "resolved": "https://registry.npmjs.org/is-finite/-/is-finite-1.1.0.tgz",
      "integrity": "sha512-cdyMtqX/BOqqNBBiKlIVkytNHm49MtMlYyn1zxzvJKWmFMlGzm+ry5BBfYyeY9YmNKbRSo/o7OX9w9ale0wg3w==",
      "engines": {
        "node": ">=0.10.0"
      },
      "funding": {
        "url": "https://github.com/sponsors/sindresorhus"
      }
    },
    "node_modules/is-integer": {
      "version": "1.0.7",
      "resolved": "https://registry.npmjs.org/is-integer/-/is-integer-1.0.7.tgz",
      "integrity": "sha1-a96Bqs3feLZZtmKdYpytxRqIbVw=",
      "dependencies": {
        "is-finite": "^1.0.0"
      }
    },
    "node_modules/jpeg-js": {
      "version": "0.4.3",
      "resolved": "https://registry.npmjs.org/jpeg-js/-/jpeg-js-0.4.3.tgz",
      "integrity": "sha512-ru1HWKek8octvUHFHvE5ZzQ1yAsJmIvRdGWvSoKV52XKyuyYA437QWDttXT8eZXDSbuMpHlLzPDZUPd6idIz+Q=="
    },
    "node_modules/js-priority-queue": {
      "version": "0.1.5",
      "resolved": "https://registry.npmjs.org/js-priority-queue/-/js-priority-queue-0.1.5.tgz",
      "integrity": "sha1-9x6bISDJHood2rO300fawB2B6Dc="
    },
    "node_modules/js-quantities": {
      "version": "1.7.6",
      "resolved": "https://registry.npmjs.org/js-quantities/-/js-quantities-1.7.6.tgz",
      "integrity": "sha512-h6TH1xK1u/zdjD26M6kKVthZONJSDTIRzrohbqOILfJAyanWHGlJLWuAWkSMtqi8k/IxshStsc97Pkf8SL9yvA=="
    },
    "node_modules/median-quickselect": {
      "version": "1.0.1",
      "resolved": "https://registry.npmjs.org/median-quickselect/-/median-quickselect-1.0.1.tgz",
      "integrity": "sha1-3jQIA1pbLwQ4o5uZiT+vPn1hd/g="
    },
    "node_modules/ml-array-max": {
      "version": "1.2.4",
      "resolved": "https://registry.npmjs.org/ml-array-max/-/ml-array-max-1.2.4.tgz",
      "integrity": "sha512-BlEeg80jI0tW6WaPyGxf5Sa4sqvcyY6lbSn5Vcv44lp1I2GR6AWojfUvLnGTNsIXrZ8uqWmo8VcG1WpkI2ONMQ==",
      "dependencies": {
        "is-any-array": "^2.0.0"
      }
    },
    "node_modules/ml-array-median": {
      "version": "1.1.6",
      "resolved": "https://registry.npmjs.org/ml-array-median/-/ml-array-median-1.1.6.tgz",
      "integrity": "sha512-V6bV6bTPFRX8v5CaAx/7fuRXC39LLTHfPSVZZafdNaqNz2PFL5zEA7gesjv8dMXh+gwPeUMtB5QPovlTBaa4sw==",
      "dependencies": {
        "is-any-array": "^2.0.0",
        "median-quickselect": "^1.0.1"
      }
    },
    "node_modules/ml-array-min": {
      "version": "1.2.3",
      "resolved": "https://registry.npmjs.org/ml-array-min/-/ml-array-min-1.2.3.tgz",
      "integrity": "sha512-VcZ5f3VZ1iihtrGvgfh/q0XlMobG6GQ8FsNyQXD3T+IlstDv85g8kfV0xUG1QPRO/t21aukaJowDzMTc7j5V6Q==",
      "dependencies": {
        "is-any-array": "^2.0.0"
      }
    },
    "node_modules/ml-array-rescale": {
      "version": "1.3.7",
      "resolved": "https://registry.npmjs.org/ml-array-rescale/-/ml-array-rescale-1.3.7.tgz",
      "integrity": "sha512-48NGChTouvEo9KBctDfHC3udWnQKNKEWN0ziELvY3KG25GR5cA8K8wNVzracsqSW1QEkAXjTNx+ycgAv06/1mQ==",
      "dependencies": {
        "is-any-array": "^2.0.0",
        "ml-array-max": "^1.2.4",
        "ml-array-min": "^1.2.3"
      }
    },
    "node_modules/ml-convolution": {
      "version": "0.2.0",
      "resolved": "https://registry.npmjs.org/ml-convolution/-/ml-convolution-0.2.0.tgz",
      "integrity": "sha1-N0ZZpvdcmDJO99YXZsHmIJyv9ZQ=",
      "dependencies": {
        "fft.js": "^4.0.3",
        "next-power-of-two": "^1.0.0"
      }
    },
    "node_modules/ml-disjoint-set": {
      "version": "1.0.0",
      "resolved": "https://registry.npmjs.org/ml-disjoint-set/-/ml-disjoint-set-1.0.0.tgz",
      "integrity": "sha1-bNjlg+71oCWFNIuY0N8h/YPvYII="
    },
    "node_modules/ml-distance-euclidean": {
      "version": "2.0.0",
      "resolved": "https://registry.npmjs.org/ml-distance-euclidean/-/ml-distance-euclidean-2.0.0.tgz",
      "integrity": "sha512-yC9/2o8QF0A3m/0IXqCTXCzz2pNEzvmcE/9HFKOZGnTjatvBbsn4lWYJkxENkA4Ug2fnYl7PXQxnPi21sgMy/Q=="
    },
    "node_modules/ml-fft": {
      "version": "1.3.5",
      "resolved": "https://registry.npmjs.org/ml-fft/-/ml-fft-1.3.5.tgz",
      "integrity": "sha1-7/wfPF0LgDoLOXOP6z2s0nwUUBA="
    },
    "node_modules/ml-kernel": {
      "version": "3.0.0",
      "resolved": "https://registry.npmjs.org/ml-kernel/-/ml-kernel-3.0.0.tgz",
      "integrity": "sha512-R+ZR0Kl5xJ7vnxtlDqjZ26xVk7mAw7ctK4NlzRHviBFXxp7keC9+hWirMOdzi2DOQA0t6CaRwjElZ6SdirOmow==",
      "dependencies": {
        "ml-distance-euclidean": "^2.0.0",
        "ml-kernel-gaussian": "^2.0.2",
        "ml-kernel-polynomial": "^2.0.1",
        "ml-kernel-sigmoid": "^1.0.1",
        "ml-matrix": "^6.1.2"
      }
    },
    "node_modules/ml-kernel-gaussian": {
      "version": "2.0.2",
      "resolved": "https://registry.npmjs.org/ml-kernel-gaussian/-/ml-kernel-gaussian-2.0.2.tgz",
      "integrity": "sha512-5MBrH2g9MBO53I6mcyXvMhyOLsmO2w21+26A1ZV/vYoxqpsov2PWkT8bhdFCEe0kgDupmAb6u81iOID/rhnarA==",
      "dependencies": {
        "ml-distance-euclidean": "^2.0.0"
      }
    },
    "node_modules/ml-kernel-polynomial": {
      "version": "2.0.1",
      "resolved": "https://registry.npmjs.org/ml-kernel-polynomial/-/ml-kernel-polynomial-2.0.1.tgz",
      "integrity": "sha512-aGDNRPHDiKeJmBxB0L9wTxKNLfp5JytbdRIo5K+FTcmFjkWDe3YZPo6R6wBB5mxaJ5eqTRawzeV4RoIWHbakyQ=="
    },
    "node_modules/ml-kernel-sigmoid": {
      "version": "1.0.1",
      "resolved": "https://registry.npmjs.org/ml-kernel-sigmoid/-/ml-kernel-sigmoid-1.0.1.tgz",
      "integrity": "sha512-mSbYOSbNQ7GsUAGrHuUHNsLgM3bZGpXkotw/FBdKZD9YMXfVOgQb1LvvvVeSlOR/ZdmX23qqaV0RnKSYWBF8og=="
    },
    "node_modules/ml-matrix": {
      "version": "6.9.0",
      "resolved": "https://registry.npmjs.org/ml-matrix/-/ml-matrix-6.9.0.tgz",
      "integrity": "sha512-bkSIzJdw9cYRU9Oyj/40KAXXo5TGV5YB8A5HyurMeZCatL8ssGAejB8fDwPPMZqYCES94OgR9IOh8Aah+l/sVQ==",
      "dependencies": {
        "is-any-array": "^2.0.0",
        "ml-array-rescale": "^1.3.7"
      }
    },
    "node_modules/ml-matrix-convolution": {
      "version": "0.4.3",
      "resolved": "https://registry.npmjs.org/ml-matrix-convolution/-/ml-matrix-convolution-0.4.3.tgz",
      "integrity": "sha1-y8dTRriZbK8kqbQxu61H+a0qTBE=",
      "dependencies": {
        "ml-fft": "1.3.5",
        "ml-stat": "^1.2.0"
      }
    },
    "node_modules/ml-regression": {
      "version": "5.0.0",
      "resolved": "https://registry.npmjs.org/ml-regression/-/ml-regression-5.0.0.tgz",
      "integrity": "sha512-mBn0LpfEWV3Dk0dj+8PRNUqIHvO87rUY0PmCUTYv3MKfECx7TtlKyeacJeOBLZ4YAVixX8U5hn4HwRL6TpTYaw==",
      "dependencies": {
        "ml-kernel": "^3.0.0",
        "ml-matrix": "^6.1.2",
        "ml-regression-base": "^2.0.1",
        "ml-regression-exponential": "^2.0.0",
        "ml-regression-multivariate-linear": "^2.0.2",
        "ml-regression-polynomial": "^2.0.0",
        "ml-regression-power": "^2.0.0",
        "ml-regression-robust-polynomial": "^2.0.0",
        "ml-regression-simple-linear": "^2.0.2",
        "ml-regression-theil-sen": "^2.0.0"
      }
    },
    "node_modules/ml-regression-base": {
      "version": "2.1.6",
      "resolved": "https://registry.npmjs.org/ml-regression-base/-/ml-regression-base-2.1.6.tgz",
      "integrity": "sha512-yTckvEc8szc6VrUTJSgAClShvCoPZdNt8pmyRe8aGsIWGjg6bYFotp9mDUwAB0snvKAbQWd6A4trL/PDCASLug==",
      "dependencies": {
        "is-any-array": "^2.0.0"
      }
    },
    "node_modules/ml-regression-exponential": {
      "version": "2.1.0",
      "resolved": "https://registry.npmjs.org/ml-regression-exponential/-/ml-regression-exponential-2.1.0.tgz",
      "integrity": "sha512-6ZgGbzIkXnONfGGUU0LjIb9qb35WzVqdAFSX8vFr8UEhgXhfgEws9pGrBJu19VBEh7ZTtttcPObI3aoBscq4Kg==",
      "dependencies": {
        "ml-regression-base": "^2.1.3",
        "ml-regression-simple-linear": "^2.0.3"
      }
    },
    "node_modules/ml-regression-multivariate-linear": {
      "version": "2.0.3",
      "resolved": "https://registry.npmjs.org/ml-regression-multivariate-linear/-/ml-regression-multivariate-linear-2.0.3.tgz",
      "integrity": "sha512-G8tBqf8bEhowiVP9rUeYjoc6mCSsA7yxo3fCr8hjaVVmLBAZEXoyeHj5zQZJh/eAp6423kSaabP3emWMwRcnbw==",
      "dependencies": {
        "ml-matrix": "^6.4.1"
      }
    },
    "node_modules/ml-regression-polynomial": {
      "version": "2.2.0",
      "resolved": "https://registry.npmjs.org/ml-regression-polynomial/-/ml-regression-polynomial-2.2.0.tgz",
      "integrity": "sha512-WxFsEmi6oLxgq9TeaVoAA+vVUJFp1kGarX6WWClR8OmlanoIW5iLMnaeXfQcYuH8xNq4R1Cax2N9hYYmeWWkLg==",
      "dependencies": {
        "ml-matrix": "^6.8.0",
        "ml-regression-base": "^2.1.3"
      }
    },
    "node_modules/ml-regression-power": {
      "version": "2.0.0",
      "resolved": "https://registry.npmjs.org/ml-regression-power/-/ml-regression-power-2.0.0.tgz",
      "integrity": "sha512-u8O9Fy45+OeYm/4ZBcNDn5w3w+MHc6kZz/AWSJIwmJcyjz6PRkTZnNfgGYdVKwKKDlAOS7G/AFvMKSTWRNO4RQ==",
      "dependencies": {
        "ml-regression-base": "^2.0.1",
        "ml-regression-simple-linear": "^2.0.2"
      }
    },
    "node_modules/ml-regression-robust-polynomial": {
      "version": "2.0.1",
      "resolved": "https://registry.npmjs.org/ml-regression-robust-polynomial/-/ml-regression-robust-polynomial-2.0.1.tgz",
      "integrity": "sha512-WkxA224Cil1G3Ug/T1O8H/2IDADlca21oC5WDplcM+gQRTqtueT/Su4ubH70tG6s79XHM046HfO8xQSpDQxqqg==",
      "dependencies": {
        "ml-matrix": "^6.8.0",
        "ml-regression-base": "^2.1.3"
      }
    },
    "node_modules/ml-regression-simple-linear": {
      "version": "2.0.3",
      "resolved": "https://registry.npmjs.org/ml-regression-simple-linear/-/ml-regression-simple-linear-2.0.3.tgz",
      "integrity": "sha512-xcLviI0Gqs0TXE5+QsPLbJm372RyZsX6xmsufez3Dz6vq/r10+KyOJ8JvUimhryKvPaZQvx6BTnzAfQbj/IeLQ==",
      "dependencies": {
        "ml-regression-base": "^2.0.1"
      }
    },
    "node_modules/ml-regression-theil-sen": {
      "version": "2.0.0",
      "resolved": "https://registry.npmjs.org/ml-regression-theil-sen/-/ml-regression-theil-sen-2.0.0.tgz",
      "integrity": "sha512-RO//tYzo69XbWDO5LIPdGp8ef1MSTPPJY0bXNlmOLMSay7YR9FQqtNgqn29T9DSYTa863VAafRlCeXwDQNXkBw==",
      "dependencies": {
        "ml-array-median": "^1.1.1",
        "ml-regression-base": "^2.0.1"
      }
    },
    "node_modules/ml-stat": {
      "version": "1.3.3",
      "resolved": "https://registry.npmjs.org/ml-stat/-/ml-stat-1.3.3.tgz",
      "integrity": "sha1-ilSTsPZzgvv3BcJg4HBDZlWn3Po="
    },
    "node_modules/monotone-chain-convex-hull": {
      "version": "1.0.0",
      "resolved": "https://registry.npmjs.org/monotone-chain-convex-hull/-/monotone-chain-convex-hull-1.0.0.tgz",
      "integrity": "sha1-5eOjnzBda8b+cQYvxwcrxWw6VeA="
    },
    "node_modules/new-array": {
      "version": "1.0.0",
      "resolved": "https://registry.npmjs.org/new-array/-/new-array-1.0.0.tgz",
      "integrity": "sha1-XbxjnZYerH8an7wacUbsEvKST78="
    },
    "node_modules/next-power-of-two": {
      "version": "1.0.0",
      "resolved": "https://registry.npmjs.org/next-power-of-two/-/next-power-of-two-1.0.0.tgz",
      "integrity": "sha1-y8Hy9itYb8UBvTqy+5lirE5Ok1k="
    },
    "node_modules/pako": {
      "version": "2.0.4",
      "resolved": "https://registry.npmjs.org/pako/-/pako-2.0.4.tgz",
      "integrity": "sha512-v8tweI900AUkZN6heMU/4Uy4cXRc2AYNRggVmTR+dEncawDJgCdLMximOVA2p4qO57WMynangsfGRb5WD6L1Bg=="
    },
    "node_modules/regenerator-runtime": {
      "version": "0.13.9",
      "resolved": "https://registry.npmjs.org/regenerator-runtime/-/regenerator-runtime-0.13.9.tgz",
      "integrity": "sha512-p3VT+cOEgxFsRRA9X4lkI1E+k2/CtnKtU4gcxyaCUreilL/vqI6CdZ3wxVUx3UOUg+gnUOQQcRI7BmSI656MYA=="
    },
    "node_modules/robust-orientation": {
      "version": "1.2.1",
      "resolved": "https://registry.npmjs.org/robust-orientation/-/robust-orientation-1.2.1.tgz",
      "integrity": "sha512-FuTptgKwY6iNuU15nrIJDLjXzCChWB+T4AvksRtwPS/WZ3HuP1CElCm1t+OBfgQKfWbtZIawip+61k7+buRKAg==",
      "dependencies": {
        "robust-scale": "^1.0.2",
        "robust-subtract": "^1.0.0",
        "robust-sum": "^1.0.0",
        "two-product": "^1.0.2"
      }
    },
    "node_modules/robust-point-in-polygon": {
      "version": "1.0.3",
      "resolved": "https://registry.npmjs.org/robust-point-in-polygon/-/robust-point-in-polygon-1.0.3.tgz",
      "integrity": "sha1-6mjwJaRN/mrt6A8IY3iHBc9UfsQ=",
      "dependencies": {
        "robust-orientation": "^1.0.2"
      }
    },
    "node_modules/robust-scale": {
      "version": "1.0.2",
      "resolved": "https://registry.npmjs.org/robust-scale/-/robust-scale-1.0.2.tgz",
      "integrity": "sha1-d1Ey7QlULQKOWLLMecBikLz3jDI=",
      "dependencies": {
        "two-product": "^1.0.2",
        "two-sum": "^1.0.0"
      }
    },
    "node_modules/robust-subtract": {
      "version": "1.0.0",
      "resolved": "https://registry.npmjs.org/robust-subtract/-/robust-subtract-1.0.0.tgz",
      "integrity": "sha1-4LFk4e2LpOOl3aRaEgODSNvtPpo="
    },
    "node_modules/robust-sum": {
      "version": "1.0.0",
      "resolved": "https://registry.npmjs.org/robust-sum/-/robust-sum-1.0.0.tgz",
      "integrity": "sha1-FmRuUlKStNJdgnV6KGlV4Lv6U9k="
    },
    "node_modules/tiff": {
      "version": "5.0.3",
      "resolved": "https://registry.npmjs.org/tiff/-/tiff-5.0.3.tgz",
      "integrity": "sha512-R0WckwRGhawWDNdha8iPQCjHyOiaEEmfFjhmalUVCIEELsON7Y/XO3eeGmBkoCXQp0Gg2nmTozN92Z4hlwbsow==",
      "dependencies": {
        "iobuffer": "^5.0.4",
        "pako": "^2.0.4"
      }
    },
    "node_modules/tiff/node_modules/iobuffer": {
      "version": "5.1.0",
      "resolved": "https://registry.npmjs.org/iobuffer/-/iobuffer-5.1.0.tgz",
      "integrity": "sha512-2BYQoYadP3FkVPfqGxs4WO6z3HWGZokJfIkgOARn4P4ipVQCHJnPyva7rJLVmnRA7XTk8ZoLwutuutGeMpu3PA=="
    },
    "node_modules/two-product": {
      "version": "1.0.2",
      "resolved": "https://registry.npmjs.org/two-product/-/two-product-1.0.2.tgz",
      "integrity": "sha1-Z9ldSyV6kh4stL16+VEfkIhSLqo="
    },
    "node_modules/two-sum": {
      "version": "1.0.0",
      "resolved": "https://registry.npmjs.org/two-sum/-/two-sum-1.0.0.tgz",
      "integrity": "sha1-MdPzIjnk9zHsqd+RVeKyl/AIq2Q="
    },
    "node_modules/utf8": {
      "version": "2.1.2",
      "resolved": "https://registry.npmjs.org/utf8/-/utf8-2.1.2.tgz",
      "integrity": "sha1-H6DZJw6b6FDZsFAn9jUZv0ZFfZY="
    },
    "node_modules/web-worker-manager": {
      "version": "0.2.0",
      "resolved": "https://registry.npmjs.org/web-worker-manager/-/web-worker-manager-0.2.0.tgz",
      "integrity": "sha1-4bzkI8ZAt2xAlzH53pULsbkmZSE="
    }
  },
  "dependencies": {
    "@babel/runtime": {
      "version": "7.17.9",
      "resolved": "https://registry.npmjs.org/@babel/runtime/-/runtime-7.17.9.tgz",
      "integrity": "sha512-lSiBBvodq29uShpWGNbgFdKYNiFDo5/HIYsaCEY9ff4sb10x9jizo2+pRrSyF4jKZCXqgzuqBOQKbUm90gQwJg==",
      "requires": {
        "regenerator-runtime": "^0.13.4"
      }
    },
    "@swiftcarrot/color-fns": {
      "version": "3.2.0",
      "resolved": "https://registry.npmjs.org/@swiftcarrot/color-fns/-/color-fns-3.2.0.tgz",
      "integrity": "sha512-6SCpc4LwmGGqWHpBY9WaBzJwPF4nfgvFfejOX7Ub0kTehJysFkLUAvGID8zEx39n0pGlfr9pTiQE/7/buC7X5w==",
      "requires": {
        "@babel/runtime": "^7.10.3"
      }
    },
    "@types/pako": {
      "version": "1.0.3",
      "resolved": "https://registry.npmjs.org/@types/pako/-/pako-1.0.3.tgz",
      "integrity": "sha512-EDxOsHAD5dqjbjEUM1xwa7rpKPFb8ECBE5irONTQU7/OsO3thI5YrNEWSPNMvYmvFM0l/OLQJ6Mgw7PEdXSjhg=="
    },
    "blob-util": {
      "version": "2.0.2",
      "resolved": "https://registry.npmjs.org/blob-util/-/blob-util-2.0.2.tgz",
      "integrity": "sha512-T7JQa+zsXXEa6/8ZhHcQEW1UFfVM49Ts65uBkFL6fz2QmrElqmbajIDJvuA0tEhRe5eIjpV9ZF+0RfZR9voJFQ=="
    },
    "canny-edge-detector": {
      "version": "1.0.0",
      "resolved": "https://registry.npmjs.org/canny-edge-detector/-/canny-edge-detector-1.0.0.tgz",
      "integrity": "sha512-SpewmkHDE1PbJ1/AVAcpvZKOufYpUXT0euMvhb5C4Q83Q9XEOmSXC+yR7jl3F4Ae1Ev6OtQKbFgdcPrOdHjzQg=="
    },
    "fast-bmp": {
      "version": "1.0.0",
      "resolved": "https://registry.npmjs.org/fast-bmp/-/fast-bmp-1.0.0.tgz",
      "integrity": "sha1-felfQsKQSECQrixwqyVEBnOsyjc=",
      "requires": {
        "iobuffer": "^3.1.0"
      }
    },
    "fast-jpeg": {
      "version": "1.0.1",
      "resolved": "https://registry.npmjs.org/fast-jpeg/-/fast-jpeg-1.0.1.tgz",
      "integrity": "sha1-vVRexs2CQwyl3tS9MLvQYfr+z4s=",
      "requires": {
        "iobuffer": "^2.1.0",
        "tiff": "^2.0.0"
      },
      "dependencies": {
        "iobuffer": {
          "version": "2.1.0",
          "resolved": "https://registry.npmjs.org/iobuffer/-/iobuffer-2.1.0.tgz",
          "integrity": "sha1-B0iC0kAgqF22pQQqBBjvm2suYWo="
        },
        "tiff": {
          "version": "2.1.0",
          "resolved": "https://registry.npmjs.org/tiff/-/tiff-2.1.0.tgz",
          "integrity": "sha1-s/QcUZvWaDUmfxTLMaBKyx94YMo=",
          "requires": {
            "iobuffer": "^2.1.0"
          }
        }
      }
    },
    "fast-list": {
      "version": "1.0.3",
      "resolved": "https://registry.npmjs.org/fast-list/-/fast-list-1.0.3.tgz",
      "integrity": "sha1-9dV1Snwcv2gqFZYe+aBjiXVx6qE="
    },
    "fast-png": {
      "version": "6.1.0",
      "resolved": "https://registry.npmjs.org/fast-png/-/fast-png-6.1.0.tgz",
      "integrity": "sha512-v8e/40RKZbE1mALigoqBOkYnemCVSMmVlGSz8fawZAZg5UQ9OZeR00L++CPvrhIGm2F6TxV5u9lbWD0oOJHcCw==",
      "requires": {
        "@types/pako": "^1.0.2",
        "iobuffer": "^5.0.4",
        "pako": "^2.0.4"
      },
      "dependencies": {
        "iobuffer": {
          "version": "5.1.0",
          "resolved": "https://registry.npmjs.org/iobuffer/-/iobuffer-5.1.0.tgz",
          "integrity": "sha512-2BYQoYadP3FkVPfqGxs4WO6z3HWGZokJfIkgOARn4P4ipVQCHJnPyva7rJLVmnRA7XTk8ZoLwutuutGeMpu3PA=="
        }
      }
    },
    "fft.js": {
      "version": "4.0.4",
      "resolved": "https://registry.npmjs.org/fft.js/-/fft.js-4.0.4.tgz",
      "integrity": "sha512-f9c00hphOgeQTlDyavwTtu6RiK8AIFjD6+jvXkNkpeQ7rirK3uFWVpalkoS4LAwbdX7mfZ8aoBfFVQX1Re/8aw=="
    },
    "file-type": {
      "version": "10.11.0",
      "resolved": "https://registry.npmjs.org/file-type/-/file-type-10.11.0.tgz",
      "integrity": "sha512-uzk64HRpUZyTGZtVuvrjP0FYxzQrBf4rojot6J65YMEbwBLB0CWm0CLojVpwpmFmxcE/lkvYICgfcGozbBq6rw=="
    },
    "has-own": {
      "version": "1.0.1",
      "resolved": "https://registry.npmjs.org/has-own/-/has-own-1.0.1.tgz",
      "integrity": "sha512-RDKhzgQTQfMaLvIFhjahU+2gGnRBK6dYOd5Gd9BzkmnBneOCRYjRC003RIMrdAbH52+l+CnMS4bBCXGer8tEhg=="
    },
    "image-js": {
      "version": "0.34.0",
      "resolved": "https://registry.npmjs.org/image-js/-/image-js-0.34.0.tgz",
      "integrity": "sha512-REGH/VxTU9v96R2jg+84gQhazx8jqT46ieY12lzNzQEL5dMJvWDlIVTEvhmO5BmHG6kHMIb/5kL3LnJnnf8YDQ==",
      "requires": {
        "@swiftcarrot/color-fns": "^3.2.0",
        "blob-util": "^2.0.2",
        "canny-edge-detector": "^1.0.0",
        "fast-bmp": "^1.0.0",
        "fast-jpeg": "^1.0.1",
        "fast-list": "^1.0.3",
        "fast-png": "^6.1.0",
        "has-own": "^1.0.1",
        "image-type": "^4.1.0",
        "is-array-type": "^1.0.0",
        "is-integer": "^1.0.7",
        "jpeg-js": "^0.4.3",
        "js-priority-queue": "^0.1.5",
        "js-quantities": "^1.7.6",
        "median-quickselect": "^1.0.1",
        "ml-convolution": "0.2.0",
        "ml-disjoint-set": "^1.0.0",
        "ml-matrix": "^6.8.0",
        "ml-matrix-convolution": "0.4.3",
        "ml-regression": "^5.0.0",
        "monotone-chain-convex-hull": "^1.0.0",
        "new-array": "^1.0.0",
        "robust-point-in-polygon": "^1.0.3",
        "tiff": "^5.0.2",
        "web-worker-manager": "^0.2.0"
      }
    },
    "image-type": {
      "version": "4.1.0",
      "resolved": "https://registry.npmjs.org/image-type/-/image-type-4.1.0.tgz",
      "integrity": "sha512-CFJMJ8QK8lJvRlTCEgarL4ro6hfDQKif2HjSvYCdQZESaIPV4v9imrf7BQHK+sQeTeNeMpWciR9hyC/g8ybXEg==",
      "requires": {
        "file-type": "^10.10.0"
      }
    },
    "iobuffer": {
      "version": "3.2.0",
      "resolved": "https://registry.npmjs.org/iobuffer/-/iobuffer-3.2.0.tgz",
      "integrity": "sha1-kjT00ssQQoGHBPB9H1yDP0EyfiY=",
      "requires": {
        "utf8": "^2.1.2"
      }
    },
    "is-any-array": {
      "version": "2.0.0",
      "resolved": "https://registry.npmjs.org/is-any-array/-/is-any-array-2.0.0.tgz",
      "integrity": "sha512-WdPV58rT3aOWXvvyuBydnCq4S2BM1Yz8shKxlEpk/6x+GX202XRvXOycEFtNgnHVLoc46hpexPFx8Pz1/sMS0w=="
    },
    "is-array-type": {
      "version": "1.0.0",
      "resolved": "https://registry.npmjs.org/is-array-type/-/is-array-type-1.0.0.tgz",
      "integrity": "sha1-C9iiY0MDGcj6Mvp68mAUD0ditQY="
    },
    "is-finite": {
      "version": "1.1.0",
      "resolved": "https://registry.npmjs.org/is-finite/-/is-finite-1.1.0.tgz",
      "integrity": "sha512-cdyMtqX/BOqqNBBiKlIVkytNHm49MtMlYyn1zxzvJKWmFMlGzm+ry5BBfYyeY9YmNKbRSo/o7OX9w9ale0wg3w=="
    },
    "is-integer": {
      "version": "1.0.7",
      "resolved": "https://registry.npmjs.org/is-integer/-/is-integer-1.0.7.tgz",
      "integrity": "sha1-a96Bqs3feLZZtmKdYpytxRqIbVw=",
      "requires": {
        "is-finite": "^1.0.0"
      }
    },
    "jpeg-js": {
      "version": "0.4.3",
      "resolved": "https://registry.npmjs.org/jpeg-js/-/jpeg-js-0.4.3.tgz",
      "integrity": "sha512-ru1HWKek8octvUHFHvE5ZzQ1yAsJmIvRdGWvSoKV52XKyuyYA437QWDttXT8eZXDSbuMpHlLzPDZUPd6idIz+Q=="
    },
    "js-priority-queue": {
      "version": "0.1.5",
      "resolved": "https://registry.npmjs.org/js-priority-queue/-/js-priority-queue-0.1.5.tgz",
      "integrity": "sha1-9x6bISDJHood2rO300fawB2B6Dc="
    },
    "js-quantities": {
      "version": "1.7.6",
      "resolved": "https://registry.npmjs.org/js-quantities/-/js-quantities-1.7.6.tgz",
      "integrity": "sha512-h6TH1xK1u/zdjD26M6kKVthZONJSDTIRzrohbqOILfJAyanWHGlJLWuAWkSMtqi8k/IxshStsc97Pkf8SL9yvA=="
    },
    "median-quickselect": {
      "version": "1.0.1",
      "resolved": "https://registry.npmjs.org/median-quickselect/-/median-quickselect-1.0.1.tgz",
      "integrity": "sha1-3jQIA1pbLwQ4o5uZiT+vPn1hd/g="
    },
    "ml-array-max": {
      "version": "1.2.4",
      "resolved": "https://registry.npmjs.org/ml-array-max/-/ml-array-max-1.2.4.tgz",
      "integrity": "sha512-BlEeg80jI0tW6WaPyGxf5Sa4sqvcyY6lbSn5Vcv44lp1I2GR6AWojfUvLnGTNsIXrZ8uqWmo8VcG1WpkI2ONMQ==",
      "requires": {
        "is-any-array": "^2.0.0"
      }
    },
    "ml-array-median": {
      "version": "1.1.6",
      "resolved": "https://registry.npmjs.org/ml-array-median/-/ml-array-median-1.1.6.tgz",
      "integrity": "sha512-V6bV6bTPFRX8v5CaAx/7fuRXC39LLTHfPSVZZafdNaqNz2PFL5zEA7gesjv8dMXh+gwPeUMtB5QPovlTBaa4sw==",
      "requires": {
        "is-any-array": "^2.0.0",
        "median-quickselect": "^1.0.1"
      }
    },
    "ml-array-min": {
      "version": "1.2.3",
      "resolved": "https://registry.npmjs.org/ml-array-min/-/ml-array-min-1.2.3.tgz",
      "integrity": "sha512-VcZ5f3VZ1iihtrGvgfh/q0XlMobG6GQ8FsNyQXD3T+IlstDv85g8kfV0xUG1QPRO/t21aukaJowDzMTc7j5V6Q==",
      "requires": {
        "is-any-array": "^2.0.0"
      }
    },
    "ml-array-rescale": {
      "version": "1.3.7",
      "resolved": "https://registry.npmjs.org/ml-array-rescale/-/ml-array-rescale-1.3.7.tgz",
      "integrity": "sha512-48NGChTouvEo9KBctDfHC3udWnQKNKEWN0ziELvY3KG25GR5cA8K8wNVzracsqSW1QEkAXjTNx+ycgAv06/1mQ==",
      "requires": {
        "is-any-array": "^2.0.0",
        "ml-array-max": "^1.2.4",
        "ml-array-min": "^1.2.3"
      }
    },
    "ml-convolution": {
      "version": "0.2.0",
      "resolved": "https://registry.npmjs.org/ml-convolution/-/ml-convolution-0.2.0.tgz",
      "integrity": "sha1-N0ZZpvdcmDJO99YXZsHmIJyv9ZQ=",
      "requires": {
        "fft.js": "^4.0.3",
        "next-power-of-two": "^1.0.0"
      }
    },
    "ml-disjoint-set": {
      "version": "1.0.0",
      "resolved": "https://registry.npmjs.org/ml-disjoint-set/-/ml-disjoint-set-1.0.0.tgz",
      "integrity": "sha1-bNjlg+71oCWFNIuY0N8h/YPvYII="
    },
    "ml-distance-euclidean": {
      "version": "2.0.0",
      "resolved": "https://registry.npmjs.org/ml-distance-euclidean/-/ml-distance-euclidean-2.0.0.tgz",
      "integrity": "sha512-yC9/2o8QF0A3m/0IXqCTXCzz2pNEzvmcE/9HFKOZGnTjatvBbsn4lWYJkxENkA4Ug2fnYl7PXQxnPi21sgMy/Q=="
    },
    "ml-fft": {
      "version": "1.3.5",
      "resolved": "https://registry.npmjs.org/ml-fft/-/ml-fft-1.3.5.tgz",
      "integrity": "sha1-7/wfPF0LgDoLOXOP6z2s0nwUUBA="
    },
    "ml-kernel": {
      "version": "3.0.0",
      "resolved": "https://registry.npmjs.org/ml-kernel/-/ml-kernel-3.0.0.tgz",
      "integrity": "sha512-R+ZR0Kl5xJ7vnxtlDqjZ26xVk7mAw7ctK4NlzRHviBFXxp7keC9+hWirMOdzi2DOQA0t6CaRwjElZ6SdirOmow==",
      "requires": {
        "ml-distance-euclidean": "^2.0.0",
        "ml-kernel-gaussian": "^2.0.2",
        "ml-kernel-polynomial": "^2.0.1",
        "ml-kernel-sigmoid": "^1.0.1",
        "ml-matrix": "^6.1.2"
      }
    },
    "ml-kernel-gaussian": {
      "version": "2.0.2",
      "resolved": "https://registry.npmjs.org/ml-kernel-gaussian/-/ml-kernel-gaussian-2.0.2.tgz",
      "integrity": "sha512-5MBrH2g9MBO53I6mcyXvMhyOLsmO2w21+26A1ZV/vYoxqpsov2PWkT8bhdFCEe0kgDupmAb6u81iOID/rhnarA==",
      "requires": {
        "ml-distance-euclidean": "^2.0.0"
      }
    },
    "ml-kernel-polynomial": {
      "version": "2.0.1",
      "resolved": "https://registry.npmjs.org/ml-kernel-polynomial/-/ml-kernel-polynomial-2.0.1.tgz",
      "integrity": "sha512-aGDNRPHDiKeJmBxB0L9wTxKNLfp5JytbdRIo5K+FTcmFjkWDe3YZPo6R6wBB5mxaJ5eqTRawzeV4RoIWHbakyQ=="
    },
    "ml-kernel-sigmoid": {
      "version": "1.0.1",
      "resolved": "https://registry.npmjs.org/ml-kernel-sigmoid/-/ml-kernel-sigmoid-1.0.1.tgz",
      "integrity": "sha512-mSbYOSbNQ7GsUAGrHuUHNsLgM3bZGpXkotw/FBdKZD9YMXfVOgQb1LvvvVeSlOR/ZdmX23qqaV0RnKSYWBF8og=="
    },
    "ml-matrix": {
      "version": "6.9.0",
      "resolved": "https://registry.npmjs.org/ml-matrix/-/ml-matrix-6.9.0.tgz",
      "integrity": "sha512-bkSIzJdw9cYRU9Oyj/40KAXXo5TGV5YB8A5HyurMeZCatL8ssGAejB8fDwPPMZqYCES94OgR9IOh8Aah+l/sVQ==",
      "requires": {
        "is-any-array": "^2.0.0",
        "ml-array-rescale": "^1.3.7"
      }
    },
    "ml-matrix-convolution": {
      "version": "0.4.3",
      "resolved": "https://registry.npmjs.org/ml-matrix-convolution/-/ml-matrix-convolution-0.4.3.tgz",
      "integrity": "sha1-y8dTRriZbK8kqbQxu61H+a0qTBE=",
      "requires": {
        "ml-fft": "1.3.5",
        "ml-stat": "^1.2.0"
      }
    },
    "ml-regression": {
      "version": "5.0.0",
      "resolved": "https://registry.npmjs.org/ml-regression/-/ml-regression-5.0.0.tgz",
      "integrity": "sha512-mBn0LpfEWV3Dk0dj+8PRNUqIHvO87rUY0PmCUTYv3MKfECx7TtlKyeacJeOBLZ4YAVixX8U5hn4HwRL6TpTYaw==",
      "requires": {
        "ml-kernel": "^3.0.0",
        "ml-matrix": "^6.1.2",
        "ml-regression-base": "^2.0.1",
        "ml-regression-exponential": "^2.0.0",
        "ml-regression-multivariate-linear": "^2.0.2",
        "ml-regression-polynomial": "^2.0.0",
        "ml-regression-power": "^2.0.0",
        "ml-regression-robust-polynomial": "^2.0.0",
        "ml-regression-simple-linear": "^2.0.2",
        "ml-regression-theil-sen": "^2.0.0"
      }
    },
    "ml-regression-base": {
      "version": "2.1.6",
      "resolved": "https://registry.npmjs.org/ml-regression-base/-/ml-regression-base-2.1.6.tgz",
      "integrity": "sha512-yTckvEc8szc6VrUTJSgAClShvCoPZdNt8pmyRe8aGsIWGjg6bYFotp9mDUwAB0snvKAbQWd6A4trL/PDCASLug==",
      "requires": {
        "is-any-array": "^2.0.0"
      }
    },
    "ml-regression-exponential": {
      "version": "2.1.0",
      "resolved": "https://registry.npmjs.org/ml-regression-exponential/-/ml-regression-exponential-2.1.0.tgz",
      "integrity": "sha512-6ZgGbzIkXnONfGGUU0LjIb9qb35WzVqdAFSX8vFr8UEhgXhfgEws9pGrBJu19VBEh7ZTtttcPObI3aoBscq4Kg==",
      "requires": {
        "ml-regression-base": "^2.1.3",
        "ml-regression-simple-linear": "^2.0.3"
      }
    },
    "ml-regression-multivariate-linear": {
      "version": "2.0.3",
      "resolved": "https://registry.npmjs.org/ml-regression-multivariate-linear/-/ml-regression-multivariate-linear-2.0.3.tgz",
      "integrity": "sha512-G8tBqf8bEhowiVP9rUeYjoc6mCSsA7yxo3fCr8hjaVVmLBAZEXoyeHj5zQZJh/eAp6423kSaabP3emWMwRcnbw==",
      "requires": {
        "ml-matrix": "^6.4.1"
      }
    },
    "ml-regression-polynomial": {
      "version": "2.2.0",
      "resolved": "https://registry.npmjs.org/ml-regression-polynomial/-/ml-regression-polynomial-2.2.0.tgz",
      "integrity": "sha512-WxFsEmi6oLxgq9TeaVoAA+vVUJFp1kGarX6WWClR8OmlanoIW5iLMnaeXfQcYuH8xNq4R1Cax2N9hYYmeWWkLg==",
      "requires": {
        "ml-matrix": "^6.8.0",
        "ml-regression-base": "^2.1.3"
      }
    },
    "ml-regression-power": {
      "version": "2.0.0",
      "resolved": "https://registry.npmjs.org/ml-regression-power/-/ml-regression-power-2.0.0.tgz",
      "integrity": "sha512-u8O9Fy45+OeYm/4ZBcNDn5w3w+MHc6kZz/AWSJIwmJcyjz6PRkTZnNfgGYdVKwKKDlAOS7G/AFvMKSTWRNO4RQ==",
      "requires": {
        "ml-regression-base": "^2.0.1",
        "ml-regression-simple-linear": "^2.0.2"
      }
    },
    "ml-regression-robust-polynomial": {
      "version": "2.0.1",
      "resolved": "https://registry.npmjs.org/ml-regression-robust-polynomial/-/ml-regression-robust-polynomial-2.0.1.tgz",
      "integrity": "sha512-WkxA224Cil1G3Ug/T1O8H/2IDADlca21oC5WDplcM+gQRTqtueT/Su4ubH70tG6s79XHM046HfO8xQSpDQxqqg==",
      "requires": {
        "ml-matrix": "^6.8.0",
        "ml-regression-base": "^2.1.3"
      }
    },
    "ml-regression-simple-linear": {
      "version": "2.0.3",
      "resolved": "https://registry.npmjs.org/ml-regression-simple-linear/-/ml-regression-simple-linear-2.0.3.tgz",
      "integrity": "sha512-xcLviI0Gqs0TXE5+QsPLbJm372RyZsX6xmsufez3Dz6vq/r10+KyOJ8JvUimhryKvPaZQvx6BTnzAfQbj/IeLQ==",
      "requires": {
        "ml-regression-base": "^2.0.1"
      }
    },
    "ml-regression-theil-sen": {
      "version": "2.0.0",
      "resolved": "https://registry.npmjs.org/ml-regression-theil-sen/-/ml-regression-theil-sen-2.0.0.tgz",
      "integrity": "sha512-RO//tYzo69XbWDO5LIPdGp8ef1MSTPPJY0bXNlmOLMSay7YR9FQqtNgqn29T9DSYTa863VAafRlCeXwDQNXkBw==",
      "requires": {
        "ml-array-median": "^1.1.1",
        "ml-regression-base": "^2.0.1"
      }
    },
    "ml-stat": {
      "version": "1.3.3",
      "resolved": "https://registry.npmjs.org/ml-stat/-/ml-stat-1.3.3.tgz",
      "integrity": "sha1-ilSTsPZzgvv3BcJg4HBDZlWn3Po="
    },
    "monotone-chain-convex-hull": {
      "version": "1.0.0",
      "resolved": "https://registry.npmjs.org/monotone-chain-convex-hull/-/monotone-chain-convex-hull-1.0.0.tgz",
      "integrity": "sha1-5eOjnzBda8b+cQYvxwcrxWw6VeA="
    },
    "new-array": {
      "version": "1.0.0",
      "resolved": "https://registry.npmjs.org/new-array/-/new-array-1.0.0.tgz",
      "integrity": "sha1-XbxjnZYerH8an7wacUbsEvKST78="
    },
    "next-power-of-two": {
      "version": "1.0.0",
      "resolved": "https://registry.npmjs.org/next-power-of-two/-/next-power-of-two-1.0.0.tgz",
      "integrity": "sha1-y8Hy9itYb8UBvTqy+5lirE5Ok1k="
    },
    "pako": {
      "version": "2.0.4",
      "resolved": "https://registry.npmjs.org/pako/-/pako-2.0.4.tgz",
      "integrity": "sha512-v8tweI900AUkZN6heMU/4Uy4cXRc2AYNRggVmTR+dEncawDJgCdLMximOVA2p4qO57WMynangsfGRb5WD6L1Bg=="
    },
    "regenerator-runtime": {
      "version": "0.13.9",
      "resolved": "https://registry.npmjs.org/regenerator-runtime/-/regenerator-runtime-0.13.9.tgz",
      "integrity": "sha512-p3VT+cOEgxFsRRA9X4lkI1E+k2/CtnKtU4gcxyaCUreilL/vqI6CdZ3wxVUx3UOUg+gnUOQQcRI7BmSI656MYA=="
    },
    "robust-orientation": {
      "version": "1.2.1",
      "resolved": "https://registry.npmjs.org/robust-orientation/-/robust-orientation-1.2.1.tgz",
      "integrity": "sha512-FuTptgKwY6iNuU15nrIJDLjXzCChWB+T4AvksRtwPS/WZ3HuP1CElCm1t+OBfgQKfWbtZIawip+61k7+buRKAg==",
      "requires": {
        "robust-scale": "^1.0.2",
        "robust-subtract": "^1.0.0",
        "robust-sum": "^1.0.0",
        "two-product": "^1.0.2"
      }
    },
    "robust-point-in-polygon": {
      "version": "1.0.3",
      "resolved": "https://registry.npmjs.org/robust-point-in-polygon/-/robust-point-in-polygon-1.0.3.tgz",
      "integrity": "sha1-6mjwJaRN/mrt6A8IY3iHBc9UfsQ=",
      "requires": {
        "robust-orientation": "^1.0.2"
      }
    },
    "robust-scale": {
      "version": "1.0.2",
      "resolved": "https://registry.npmjs.org/robust-scale/-/robust-scale-1.0.2.tgz",
      "integrity": "sha1-d1Ey7QlULQKOWLLMecBikLz3jDI=",
      "requires": {
        "two-product": "^1.0.2",
        "two-sum": "^1.0.0"
      }
    },
    "robust-subtract": {
      "version": "1.0.0",
      "resolved": "https://registry.npmjs.org/robust-subtract/-/robust-subtract-1.0.0.tgz",
      "integrity": "sha1-4LFk4e2LpOOl3aRaEgODSNvtPpo="
    },
    "robust-sum": {
      "version": "1.0.0",
      "resolved": "https://registry.npmjs.org/robust-sum/-/robust-sum-1.0.0.tgz",
      "integrity": "sha1-FmRuUlKStNJdgnV6KGlV4Lv6U9k="
    },
    "tiff": {
      "version": "5.0.3",
      "resolved": "https://registry.npmjs.org/tiff/-/tiff-5.0.3.tgz",
      "integrity": "sha512-R0WckwRGhawWDNdha8iPQCjHyOiaEEmfFjhmalUVCIEELsON7Y/XO3eeGmBkoCXQp0Gg2nmTozN92Z4hlwbsow==",
      "requires": {
        "iobuffer": "^5.0.4",
        "pako": "^2.0.4"
      },
      "dependencies": {
        "iobuffer": {
          "version": "5.1.0",
          "resolved": "https://registry.npmjs.org/iobuffer/-/iobuffer-5.1.0.tgz",
          "integrity": "sha512-2BYQoYadP3FkVPfqGxs4WO6z3HWGZokJfIkgOARn4P4ipVQCHJnPyva7rJLVmnRA7XTk8ZoLwutuutGeMpu3PA=="
        }
      }
    },
    "two-product": {
      "version": "1.0.2",
      "resolved": "https://registry.npmjs.org/two-product/-/two-product-1.0.2.tgz",
      "integrity": "sha1-Z9ldSyV6kh4stL16+VEfkIhSLqo="
    },
    "two-sum": {
      "version": "1.0.0",
      "resolved": "https://registry.npmjs.org/two-sum/-/two-sum-1.0.0.tgz",
      "integrity": "sha1-MdPzIjnk9zHsqd+RVeKyl/AIq2Q="
    },
    "utf8": {
      "version": "2.1.2",
      "resolved": "https://registry.npmjs.org/utf8/-/utf8-2.1.2.tgz",
      "integrity": "sha1-H6DZJw6b6FDZsFAn9jUZv0ZFfZY="
    },
    "web-worker-manager": {
      "version": "0.2.0",
      "resolved": "https://registry.npmjs.org/web-worker-manager/-/web-worker-manager-0.2.0.tgz",
      "integrity": "sha1-4bzkI8ZAt2xAlzH53pULsbkmZSE="
    }
  }
}
